// !$*UTF8*$!
{
	archiveVersion = 1;
	classes = {
	};
	objectVersion = 46;
	objects = {

/* Begin PBXBuildFile section */
		4D2C8A841AEF62B7000485E5 /* AppDelegate.swift in Sources */ = {isa = PBXBuildFile; fileRef = 4D2C8A831AEF62B7000485E5 /* AppDelegate.swift */; };
		4D2C8A861AEF62B7000485E5 /* ViewController.swift in Sources */ = {isa = PBXBuildFile; fileRef = 4D2C8A851AEF62B7000485E5 /* ViewController.swift */; };
		4D2C8A891AEF62B7000485E5 /* Main.storyboard in Resources */ = {isa = PBXBuildFile; fileRef = 4D2C8A871AEF62B7000485E5 /* Main.storyboard */; };
		4D2C8A8B1AEF62B7000485E5 /* Images.xcassets in Resources */ = {isa = PBXBuildFile; fileRef = 4D2C8A8A1AEF62B7000485E5 /* Images.xcassets */; };
		4D2C8A8E1AEF62B7000485E5 /* LaunchScreen.xib in Resources */ = {isa = PBXBuildFile; fileRef = 4D2C8A8C1AEF62B7000485E5 /* LaunchScreen.xib */; };
		4D2C8A9A1AEF62B7000485E5 /* LionAndTigersTests.swift in Sources */ = {isa = PBXBuildFile; fileRef = 4D2C8A991AEF62B7000485E5 /* LionAndTigersTests.swift */; };
		4D2C8AA41AEF7201000485E5 /* Tiger.swift in Sources */ = {isa = PBXBuildFile; fileRef = 4D2C8AA31AEF7201000485E5 /* Tiger.swift */; };
		4D2C8AAE1AEF75E3000485E5 /* BengalTiger.jpg in Resources */ = {isa = PBXBuildFile; fileRef = 4D2C8AA61AEF75E3000485E5 /* BengalTiger.jpg */; };
		4D2C8AAF1AEF75E3000485E5 /* IndochineseTiger.jpg in Resources */ = {isa = PBXBuildFile; fileRef = 4D2C8AA71AEF75E3000485E5 /* IndochineseTiger.jpg */; };
		4D2C8AB01AEF75E3000485E5 /* Lion.jpg in Resources */ = {isa = PBXBuildFile; fileRef = 4D2C8AA81AEF75E3000485E5 /* Lion.jpg */; };
		4D2C8AB11AEF75E3000485E5 /* LionCub1.jpg in Resources */ = {isa = PBXBuildFile; fileRef = 4D2C8AA91AEF75E3000485E5 /* LionCub1.jpg */; };
		4D2C8AB21AEF75E3000485E5 /* LionCub2.jpeg in Resources */ = {isa = PBXBuildFile; fileRef = 4D2C8AAA1AEF75E3000485E5 /* LionCub2.jpeg */; };
		4D2C8AB31AEF75E3000485E5 /* Lioness.jpeg in Resources */ = {isa = PBXBuildFile; fileRef = 4D2C8AAB1AEF75E3000485E5 /* Lioness.jpeg */; };
		4D2C8AB41AEF75E3000485E5 /* MalayanTiger.jpg in Resources */ = {isa = PBXBuildFile; fileRef = 4D2C8AAC1AEF75E3000485E5 /* MalayanTiger.jpg */; };
		4D2C8AB51AEF75E3000485E5 /* SiberianTiger.jpg in Resources */ = {isa = PBXBuildFile; fileRef = 4D2C8AAD1AEF75E3000485E5 /* SiberianTiger.jpg */; };
/* End PBXBuildFile section */

/* Begin PBXContainerItemProxy section */
		4D2C8A941AEF62B7000485E5 /* PBXContainerItemProxy */ = {
			isa = PBXContainerItemProxy;
			containerPortal = 4D2C8A761AEF62B6000485E5 /* Project object */;
			proxyType = 1;
			remoteGlobalIDString = 4D2C8A7D1AEF62B6000485E5;
			remoteInfo = LionAndTigers;
		};
/* End PBXContainerItemProxy section */

/* Begin PBXFileReference section */
		4D2C8A7E1AEF62B6000485E5 /* LionAndTigers.app */ = {isa = PBXFileReference; explicitFileType = wrapper.application; includeInIndex = 0; path = LionAndTigers.app; sourceTree = BUILT_PRODUCTS_DIR; };
		4D2C8A821AEF62B7000485E5 /* Info.plist */ = {isa = PBXFileReference; lastKnownFileType = text.plist.xml; path = Info.plist; sourceTree = "<group>"; };
		4D2C8A831AEF62B7000485E5 /* AppDelegate.swift */ = {isa = PBXFileReference; lastKnownFileType = sourcecode.swift; path = AppDelegate.swift; sourceTree = "<group>"; };
		4D2C8A851AEF62B7000485E5 /* ViewController.swift */ = {isa = PBXFileReference; lastKnownFileType = sourcecode.swift; path = ViewController.swift; sourceTree = "<group>"; };
		4D2C8A881AEF62B7000485E5 /* Base */ = {isa = PBXFileReference; lastKnownFileType = file.storyboard; name = Base; path = Base.lproj/Main.storyboard; sourceTree = "<group>"; };
		4D2C8A8A1AEF62B7000485E5 /* Images.xcassets */ = {isa = PBXFileReference; lastKnownFileType = folder.assetcatalog; path = Images.xcassets; sourceTree = "<group>"; };
		4D2C8A8D1AEF62B7000485E5 /* Base */ = {isa = PBXFileReference; lastKnownFileType = file.xib; name = Base; path = Base.lproj/LaunchScreen.xib; sourceTree = "<group>"; };
		4D2C8A931AEF62B7000485E5 /* LionAndTigersTests.xctest */ = {isa = PBXFileReference; explicitFileType = wrapper.cfbundle; includeInIndex = 0; path = LionAndTigersTests.xctest; sourceTree = BUILT_PRODUCTS_DIR; };
		4D2C8A981AEF62B7000485E5 /* Info.plist */ = {isa = PBXFileReference; lastKnownFileType = text.plist.xml; path = Info.plist; sourceTree = "<group>"; };
		4D2C8A991AEF62B7000485E5 /* LionAndTigersTests.swift */ = {isa = PBXFileReference; lastKnownFileType = sourcecode.swift; path = LionAndTigersTests.swift; sourceTree = "<group>"; };
		4D2C8AA31AEF7201000485E5 /* Tiger.swift */ = {isa = PBXFileReference; fileEncoding = 4; lastKnownFileType = sourcecode.swift; path = Tiger.swift; sourceTree = "<group>"; };
		4D2C8AA61AEF75E3000485E5 /* BengalTiger.jpg */ = {isa = PBXFileReference; lastKnownFileType = image.jpeg; path = BengalTiger.jpg; sourceTree = "<group>"; };
		4D2C8AA71AEF75E3000485E5 /* IndochineseTiger.jpg */ = {isa = PBXFileReference; lastKnownFileType = image.jpeg; path = IndochineseTiger.jpg; sourceTree = "<group>"; };
		4D2C8AA81AEF75E3000485E5 /* Lion.jpg */ = {isa = PBXFileReference; lastKnownFileType = image.jpeg; path = Lion.jpg; sourceTree = "<group>"; };
		4D2C8AA91AEF75E3000485E5 /* LionCub1.jpg */ = {isa = PBXFileReference; lastKnownFileType = image.jpeg; path = LionCub1.jpg; sourceTree = "<group>"; };
		4D2C8AAA1AEF75E3000485E5 /* LionCub2.jpeg */ = {isa = PBXFileReference; lastKnownFileType = image.jpeg; path = LionCub2.jpeg; sourceTree = "<group>"; };
		4D2C8AAB1AEF75E3000485E5 /* Lioness.jpeg */ = {isa = PBXFileReference; lastKnownFileType = image.jpeg; path = Lioness.jpeg; sourceTree = "<group>"; };
		4D2C8AAC1AEF75E3000485E5 /* MalayanTiger.jpg */ = {isa = PBXFileReference; lastKnownFileType = image.jpeg; path = MalayanTiger.jpg; sourceTree = "<group>"; };
		4D2C8AAD1AEF75E3000485E5 /* SiberianTiger.jpg */ = {isa = PBXFileReference; lastKnownFileType = image.jpeg; path = SiberianTiger.jpg; sourceTree = "<group>"; };
/* End PBXFileReference section */

/* Begin PBXFrameworksBuildPhase section */
		4D2C8A7B1AEF62B6000485E5 /* Frameworks */ = {
			isa = PBXFrameworksBuildPhase;
			buildActionMask = 2147483647;
			files = (
			);
			runOnlyForDeploymentPostprocessing = 0;
		};
		4D2C8A901AEF62B7000485E5 /* Frameworks */ = {
			isa = PBXFrameworksBuildPhase;
			buildActionMask = 2147483647;
			files = (
			);
			runOnlyForDeploymentPostprocessing = 0;
		};
/* End PBXFrameworksBuildPhase section */

/* Begin PBXGroup section */
		4D2C8A751AEF62B6000485E5 = {
			isa = PBXGroup;
			children = (
				4D2C8A801AEF62B6000485E5 /* LionAndTigers */,
				4D2C8A961AEF62B7000485E5 /* LionAndTigersTests */,
				4D2C8A7F1AEF62B6000485E5 /* Products */,
			);
			sourceTree = "<group>";
		};
		4D2C8A7F1AEF62B6000485E5 /* Products */ = {
			isa = PBXGroup;
			children = (
				4D2C8A7E1AEF62B6000485E5 /* LionAndTigers.app */,
				4D2C8A931AEF62B7000485E5 /* LionAndTigersTests.xctest */,
			);
			name = Products;
			sourceTree = "<group>";
		};
		4D2C8A801AEF62B6000485E5 /* LionAndTigers */ = {
			isa = PBXGroup;
			children = (
				4D2C8A831AEF62B7000485E5 /* AppDelegate.swift */,
				4D2C8A851AEF62B7000485E5 /* ViewController.swift */,
				4D2C8AA31AEF7201000485E5 /* Tiger.swift */,
				4D2C8A871AEF62B7000485E5 /* Main.storyboard */,
				4D2C8A8A1AEF62B7000485E5 /* Images.xcassets */,
				4D2C8A8C1AEF62B7000485E5 /* LaunchScreen.xib */,
				4D2C8A811AEF62B7000485E5 /* Supporting Files */,
			);
			path = LionAndTigers;
			sourceTree = "<group>";
		};
		4D2C8A811AEF62B7000485E5 /* Supporting Files */ = {
			isa = PBXGroup;
			children = (
				4D2C8A821AEF62B7000485E5 /* Info.plist */,
			);
			name = "Supporting Files";
			sourceTree = "<group>";
		};
		4D2C8A961AEF62B7000485E5 /* LionAndTigersTests */ = {
			isa = PBXGroup;
			children = (
				4D2C8AA51AEF75E3000485E5 /* LionsAndTigersAssets */,
				4D2C8A991AEF62B7000485E5 /* LionAndTigersTests.swift */,
				4D2C8A971AEF62B7000485E5 /* Supporting Files */,
			);
			path = LionAndTigersTests;
			sourceTree = "<group>";
		};
		4D2C8A971AEF62B7000485E5 /* Supporting Files */ = {
			isa = PBXGroup;
			children = (
				4D2C8A981AEF62B7000485E5 /* Info.plist */,
			);
			name = "Supporting Files";
			sourceTree = "<group>";
		};
		4D2C8AA51AEF75E3000485E5 /* LionsAndTigersAssets */ = {
			isa = PBXGroup;
			children = (
				4D2C8AA61AEF75E3000485E5 /* BengalTiger.jpg */,
				4D2C8AA71AEF75E3000485E5 /* IndochineseTiger.jpg */,
				4D2C8AA81AEF75E3000485E5 /* Lion.jpg */,
				4D2C8AA91AEF75E3000485E5 /* LionCub1.jpg */,
				4D2C8AAA1AEF75E3000485E5 /* LionCub2.jpeg */,
				4D2C8AAB1AEF75E3000485E5 /* Lioness.jpeg */,
				4D2C8AAC1AEF75E3000485E5 /* MalayanTiger.jpg */,
				4D2C8AAD1AEF75E3000485E5 /* SiberianTiger.jpg */,
			);
			path = LionsAndTigersAssets;
			sourceTree = "<group>";
		};
/* End PBXGroup section */

/* Begin PBXNativeTarget section */
		4D2C8A7D1AEF62B6000485E5 /* LionAndTigers */ = {
			isa = PBXNativeTarget;
			buildConfigurationList = 4D2C8A9D1AEF62B7000485E5 /* Build configuration list for PBXNativeTarget "LionAndTigers" */;
			buildPhases = (
				4D2C8A7A1AEF62B6000485E5 /* Sources */,
				4D2C8A7B1AEF62B6000485E5 /* Frameworks */,
				4D2C8A7C1AEF62B6000485E5 /* Resources */,
			);
			buildRules = (
			);
			dependencies = (
			);
			name = LionAndTigers;
			productName = LionAndTigers;
			productReference = 4D2C8A7E1AEF62B6000485E5 /* LionAndTigers.app */;
			productType = "com.apple.product-type.application";
		};
		4D2C8A921AEF62B7000485E5 /* LionAndTigersTests */ = {
			isa = PBXNativeTarget;
			buildConfigurationList = 4D2C8AA01AEF62B7000485E5 /* Build configuration list for PBXNativeTarget "LionAndTigersTests" */;
			buildPhases = (
				4D2C8A8F1AEF62B7000485E5 /* Sources */,
				4D2C8A901AEF62B7000485E5 /* Frameworks */,
				4D2C8A911AEF62B7000485E5 /* Resources */,
			);
			buildRules = (
			);
			dependencies = (
				4D2C8A951AEF62B7000485E5 /* PBXTargetDependency */,
			);
			name = LionAndTigersTests;
			productName = LionAndTigersTests;
			productReference = 4D2C8A931AEF62B7000485E5 /* LionAndTigersTests.xctest */;
			productType = "com.apple.product-type.bundle.unit-test";
		};
/* End PBXNativeTarget section */

/* Begin PBXProject section */
		4D2C8A761AEF62B6000485E5 /* Project object */ = {
			isa = PBXProject;
			attributes = {
				LastUpgradeCheck = 0630;
				ORGANIZATIONNAME = "CogFrog Studios";
				TargetAttributes = {
					4D2C8A7D1AEF62B6000485E5 = {
						CreatedOnToolsVersion = 6.3;
					};
					4D2C8A921AEF62B7000485E5 = {
						CreatedOnToolsVersion = 6.3;
						TestTargetID = 4D2C8A7D1AEF62B6000485E5;
					};
				};
			};
			buildConfigurationList = 4D2C8A791AEF62B6000485E5 /* Build configuration list for PBXProject "LionAndTigers" */;
			compatibilityVersion = "Xcode 3.2";
			developmentRegion = English;
			hasScannedForEncodings = 0;
			knownRegions = (
				en,
				Base,
			);
			mainGroup = 4D2C8A751AEF62B6000485E5;
			productRefGroup = 4D2C8A7F1AEF62B6000485E5 /* Products */;
			projectDirPath = "";
			projectRoot = "";
			targets = (
				4D2C8A7D1AEF62B6000485E5 /* LionAndTigers */,
				4D2C8A921AEF62B7000485E5 /* LionAndTigersTests */,
			);
		};
/* End PBXProject section */

/* Begin PBXResourcesBuildPhase section */
		4D2C8A7C1AEF62B6000485E5 /* Resources */ = {
			isa = PBXResourcesBuildPhase;
			buildActionMask = 2147483647;
			files = (
				4D2C8AAF1AEF75E3000485E5 /* IndochineseTiger.jpg in Resources */,
				4D2C8A891AEF62B7000485E5 /* Main.storyboard in Resources */,
				4D2C8A8E1AEF62B7000485E5 /* LaunchScreen.xib in Resources */,
				4D2C8AB31AEF75E3000485E5 /* Lioness.jpeg in Resources */,
				4D2C8AB11AEF75E3000485E5 /* LionCub1.jpg in Resources */,
				4D2C8AB41AEF75E3000485E5 /* MalayanTiger.jpg in Resources */,
				4D2C8AB51AEF75E3000485E5 /* SiberianTiger.jpg in Resources */,
				4D2C8AAE1AEF75E3000485E5 /* BengalTiger.jpg in Resources */,
				4D2C8A8B1AEF62B7000485E5 /* Images.xcassets in Resources */,
				4D2C8AB01AEF75E3000485E5 /* Lion.jpg in Resources */,
				4D2C8AB21AEF75E3000485E5 /* LionCub2.jpeg in Resources */,
			);
			runOnlyForDeploymentPostprocessing = 0;
		};
		4D2C8A911AEF62B7000485E5 /* Resources */ = {
			isa = PBXResourcesBuildPhase;
			buildActionMask = 2147483647;
			files = (
			);
			runOnlyForDeploymentPostprocessing = 0;
		};
/* End PBXResourcesBuildPhase section */

/* Begin PBXSourcesBuildPhase section */
		4D2C8A7A1AEF62B6000485E5 /* Sources */ = {
			isa = PBXSourcesBuildPhase;
			buildActionMask = 2147483647;
			files = (
				4D2C8A861AEF62B7000485E5 /* ViewController.swift in Sources */,
				4D2C8AA41AEF7201000485E5 /* Tiger.swift in Sources */,
				4D2C8A841AEF62B7000485E5 /* AppDelegate.swift in Sources */,
			);
			runOnlyForDeploymentPostprocessing = 0;
		};
		4D2C8A8F1AEF62B7000485E5 /* Sources */ = {
			isa = PBXSourcesBuildPhase;
			buildActionMask = 2147483647;
			files = (
				4D2C8A9A1AEF62B7000485E5 /* LionAndTigersTests.swift in Sources */,
			);
			runOnlyForDeploymentPostprocessing = 0;
		};
/* End PBXSourcesBuildPhase section */

/* Begin PBXTargetDependency section */
		4D2C8A951AEF62B7000485E5 /* PBXTargetDependency */ = {
			isa = PBXTargetDependency;
			target = 4D2C8A7D1AEF62B6000485E5 /* LionAndTigers */;
			targetProxy = 4D2C8A941AEF62B7000485E5 /* PBXContainerItemProxy */;
		};
/* End PBXTargetDependency section */

/* Begin PBXVariantGroup section */
		4D2C8A871AEF62B7000485E5 /* Main.storyboard */ = {
			isa = PBXVariantGroup;
			children = (
				4D2C8A881AEF62B7000485E5 /* Base */,
			);
			name = Main.storyboard;
			sourceTree = "<group>";
		};
		4D2C8A8C1AEF62B7000485E5 /* LaunchScreen.xib */ = {
			isa = PBXVariantGroup;
			children = (
				4D2C8A8D1AEF62B7000485E5 /* Base */,
			);
			name = LaunchScreen.xib;
			sourceTree = "<group>";
		};
/* End PBXVariantGroup section */

/* Begin XCBuildConfiguration section */
		4D2C8A9B1AEF62B7000485E5 /* Debug */ = {
			isa = XCBuildConfiguration;
			buildSettings = {
				ALWAYS_SEARCH_USER_PATHS = NO;
				CLANG_CXX_LANGUAGE_STANDARD = "gnu++0x";
				CLANG_CXX_LIBRARY = "libc++";
				CLANG_ENABLE_MODULES = YES;
				CLANG_ENABLE_OBJC_ARC = YES;
				CLANG_WARN_BOOL_CONVERSION = YES;
				CLANG_WARN_CONSTANT_CONVERSION = YES;
				CLANG_WARN_DIRECT_OBJC_ISA_USAGE = YES_ERROR;
				CLANG_WARN_EMPTY_BODY = YES;
				CLANG_WARN_ENUM_CONVERSION = YES;
				CLANG_WARN_INT_CONVERSION = YES;
				CLANG_WARN_OBJC_ROOT_CLASS = YES_ERROR;
				CLANG_WARN_UNREACHABLE_CODE = YES;
				CLANG_WARN__DUPLICATE_METHOD_MATCH = YES;
				"CODE_SIGN_IDENTITY[sdk=iphoneos*]" = "iPhone Developer";
				COPY_PHASE_STRIP = NO;
				DEBUG_INFORMATION_FORMAT = "dwarf-with-dsym";
				ENABLE_STRICT_OBJC_MSGSEND = YES;
				GCC_C_LANGUAGE_STANDARD = gnu99;
				GCC_DYNAMIC_NO_PIC = NO;
				GCC_NO_COMMON_BLOCKS = YES;
				GCC_OPTIMIZATION_LEVEL = 0;
				GCC_PREPROCESSOR_DEFINITIONS = (
					"DEBUG=1",
					"$(inherited)",
				);
				GCC_SYMBOLS_PRIVATE_EXTERN = NO;
				GCC_WARN_64_TO_32_BIT_CONVERSION = YES;
				GCC_WARN_ABOUT_RETURN_TYPE = YES_ERROR;
				GCC_WARN_UNDECLARED_SELECTOR = YES;
				GCC_WARN_UNINITIALIZED_AUTOS = YES_AGGRESSIVE;
				GCC_WARN_UNUSED_FUNCTION = YES;
				GCC_WARN_UNUSED_VARIABLE = YES;
				IPHONEOS_DEPLOYMENT_TARGET = 8.3;
				MTL_ENABLE_DEBUG_INFO = YES;
				ONLY_ACTIVE_ARCH = YES;
				SDKROOT = iphoneos;
				SWIFT_OPTIMIZATION_LEVEL = "-Onone";
				TARGETED_DEVICE_FAMILY = "1,2";
			};
			name = Debug;
		};
		4D2C8A9C1AEF62B7000485E5 /* Release */ = {
			isa = XCBuildConfiguration;
			buildSettings = {
				ALWAYS_SEARCH_USER_PATHS = NO;
				CLANG_CXX_LANGUAGE_STANDARD = "gnu++0x";
				CLANG_CXX_LIBRARY = "libc++";
				CLANG_ENABLE_MODULES = YES;
				CLANG_ENABLE_OBJC_ARC = YES;
				CLANG_WARN_BOOL_CONVERSION = YES;
				CLANG_WARN_CONSTANT_CONVERSION = YES;
				CLANG_WARN_DIRECT_OBJC_ISA_USAGE = YES_ERROR;
				CLANG_WARN_EMPTY_BODY = YES;
				CLANG_WARN_ENUM_CONVERSION = YES;
				CLANG_WARN_INT_CONVERSION = YES;
				CLANG_WARN_OBJC_ROOT_CLASS = YES_ERROR;
				CLANG_WARN_UNREACHABLE_CODE = YES;
				CLANG_WARN__DUPLICATE_METHOD_MATCH = YES;
				"CODE_SIGN_IDENTITY[sdk=iphoneos*]" = "iPhone Developer";
				COPY_PHASE_STRIP = NO;
				DEBUG_INFORMATION_FORMAT = "dwarf-with-dsym";
				ENABLE_NS_ASSERTIONS = NO;
				ENABLE_STRICT_OBJC_MSGSEND = YES;
				GCC_C_LANGUAGE_STANDARD = gnu99;
				GCC_NO_COMMON_BLOCKS = YES;
				GCC_WARN_64_TO_32_BIT_CONVERSION = YES;
				GCC_WARN_ABOUT_RETURN_TYPE = YES_ERROR;
				GCC_WARN_UNDECLARED_SELECTOR = YES;
				GCC_WARN_UNINITIALIZED_AUTOS = YES_AGGRESSIVE;
				GCC_WARN_UNUSED_FUNCTION = YES;
				GCC_WARN_UNUSED_VARIABLE = YES;
				IPHONEOS_DEPLOYMENT_TARGET = 8.3;
				MTL_ENABLE_DEBUG_INFO = NO;
				SDKROOT = iphoneos;
				TARGETED_DEVICE_FAMILY = "1,2";
				VALIDATE_PRODUCT = YES;
			};
			name = Release;
		};
		4D2C8A9E1AEF62B7000485E5 /* Debug */ = {
			isa = XCBuildConfiguration;
			buildSettings = {
				ASSETCATALOG_COMPILER_APPICON_NAME = AppIcon;
				INFOPLIST_FILE = LionAndTigers/Info.plist;
				LD_RUNPATH_SEARCH_PATHS = "$(inherited) @executable_path/Frameworks";
				PRODUCT_NAME = "$(TARGET_NAME)";
			};
			name = Debug;
		};
		4D2C8A9F1AEF62B7000485E5 /* Release */ = {
			isa = XCBuildConfiguration;
			buildSettings = {
				ASSETCATALOG_COMPILER_APPICON_NAME = AppIcon;
				INFOPLIST_FILE = LionAndTigers/Info.plist;
				LD_RUNPATH_SEARCH_PATHS = "$(inherited) @executable_path/Frameworks";
				PRODUCT_NAME = "$(TARGET_NAME)";
			};
			name = Release;
		};
		4D2C8AA11AEF62B7000485E5 /* Debug */ = {
			isa = XCBuildConfiguration;
			buildSettings = {
				BUNDLE_LOADER = "$(TEST_HOST)";
				FRAMEWORK_SEARCH_PATHS = (
					"$(SDKROOT)/Developer/Library/Frameworks",
					"$(inherited)",
				);
				GCC_PREPROCESSOR_DEFINITIONS = (
					"DEBUG=1",
					"$(inherited)",
				);
				INFOPLIST_FILE = LionAndTigersTests/Info.plist;
				LD_RUNPATH_SEARCH_PATHS = "$(inherited) @executable_path/Frameworks @loader_path/Frameworks";
				PRODUCT_NAME = "$(TARGET_NAME)";
				TEST_HOST = "$(BUILT_PRODUCTS_DIR)/LionAndTigers.app/LionAndTigers";
			};
			name = Debug;
		};
		4D2C8AA21AEF62B7000485E5 /* Release */ = {
			isa = XCBuildConfiguration;
			buildSettings = {
				BUNDLE_LOADER = "$(TEST_HOST)";
				FRAMEWORK_SEARCH_PATHS = (
					"$(SDKROOT)/Developer/Library/Frameworks",
					"$(inherited)",
				);
				INFOPLIST_FILE = LionAndTigersTests/Info.plist;
				LD_RUNPATH_SEARCH_PATHS = "$(inherited) @executable_path/Frameworks @loader_path/Frameworks";
				PRODUCT_NAME = "$(TARGET_NAME)";
				TEST_HOST = "$(BUILT_PRODUCTS_DIR)/LionAndTigers.app/LionAndTigers";
			};
			name = Release;
		};
/* End XCBuildConfiguration section */

/* Begin XCConfigurationList section */
		4D2C8A791AEF62B6000485E5 /* Build configuration list for PBXProject "LionAndTigers" */ = {
			isa = XCConfigurationList;
			buildConfigurations = (
				4D2C8A9B1AEF62B7000485E5 /* Debug */,
				4D2C8A9C1AEF62B7000485E5 /* Release */,
			);
			defaultConfigurationIsVisible = 0;
			defaultConfigurationName = Release;
		};
		4D2C8A9D1AEF62B7000485E5 /* Build configuration list for PBXNativeTarget "LionAndTigers" */ = {
			isa = XCConfigurationList;
			buildConfigurations = (
				4D2C8A9E1AEF62B7000485E5 /* Debug */,
				4D2C8A9F1AEF62B7000485E5 /* Release */,
			);
			defaultConfigurationIsVisible = 0;
		};
		4D2C8AA01AEF62B7000485E5 /* Build configuration list for PBXNativeTarget "LionAndTigersTests" */ = {
			isa = XCConfigurationList;
			buildConfigurations = (
				4D2C8AA11AEF62B7000485E5 /* Debug */,
				4D2C8AA21AEF62B7000485E5 /* Release */,
			);
			defaultConfigurationIsVisible = 0;
		};
/* End XCConfigurationList section */
	};
	rootObject = 4D2C8A761AEF62B6000485E5 /* Project object */;
}
